
Microsoft Visual Studio Solution File, Format Version 12.00
# Visual Studio 2012
# Clarion 2.1.0.2447
Project("{12B76EC0-1D7B-4FA7-A7D0-C524288B48A1}") = "BevelTool3", "BevelTool3.cwproj", "{0CC799CD-6051-43EC-AB7E-A738E7B1C035}"
EndProject
Global
	GlobalSection(SolutionConfigurationPlatforms) = preSolution
		Debug|Win32 = Debug|Win32
		Release|Win32 = Release|Win32
	EndGlobalSection
	GlobalSection(ProjectConfigurationPlatforms) = postSolution
		{0CC799CD-6051-43EC-AB7E-A738E7B1C035}.Debug|Win32.Build.0 = Debug|Win32
		{0CC799CD-6051-43EC-AB7E-A738E7B1C035}.Debug|Win32.ActiveCfg = Debug|Win32
		{0CC799CD-6051-43EC-AB7E-A738E7B1C035}.Release|Win32.Build.0 = Release|Win32
		{0CC799CD-6051-43EC-AB7E-A738E7B1C035}.Release|Win32.ActiveCfg = Release|Win32
	EndGlobalSection
EndGlobal
